// !$*UTF8*$!
{
	archiveVersion = 1;
	classes = {
	};
	objectVersion = 48;
	objects = {

/* Begin PBXBuildFile section */
		71AC705C200E986C00B6A06C /* AppDelegate.swift in Sources */ = {isa = PBXBuildFile; fileRef = 71AC705B200E986C00B6A06C /* AppDelegate.swift */; };
		71AC7061200E986C00B6A06C /* Main.storyboard in Resources */ = {isa = PBXBuildFile; fileRef = 71AC705F200E986C00B6A06C /* Main.storyboard */; };
		71AC7063200E986C00B6A06C /* Assets.xcassets in Resources */ = {isa = PBXBuildFile; fileRef = 71AC7062200E986C00B6A06C /* Assets.xcassets */; };
		71AC7066200E986C00B6A06C /* LaunchScreen.storyboard in Resources */ = {isa = PBXBuildFile; fileRef = 71AC7064200E986C00B6A06C /* LaunchScreen.storyboard */; };
		71AC7070200FE9DE00B6A06C /* CloudKit.framework in Frameworks */ = {isa = PBXBuildFile; fileRef = 71AC706F200FE9DE00B6A06C /* CloudKit.framework */; };
		71AC707C2011D7DB00B6A06C /* Default-568h@2x.png in Resources */ = {isa = PBXBuildFile; fileRef = 71AC707B2011D7DB00B6A06C /* Default-568h@2x.png */; };
		71AC707E2011D85800B6A06C /* CloudKitManager.swift in Sources */ = {isa = PBXBuildFile; fileRef = 71AC707D2011D85800B6A06C /* CloudKitManager.swift */; };
		71AC70802011D97C00B6A06C /* User.swift in Sources */ = {isa = PBXBuildFile; fileRef = 71AC707F2011D97C00B6A06C /* User.swift */; };
		71AC70822011DA5000B6A06C /* Entry.swift in Sources */ = {isa = PBXBuildFile; fileRef = 71AC70812011DA5000B6A06C /* Entry.swift */; };
		71AC70842011DA6600B6A06C /* Child.swift in Sources */ = {isa = PBXBuildFile; fileRef = 71AC70832011DA6600B6A06C /* Child.swift */; };
/* End PBXBuildFile section */

/* Begin PBXFileReference section */
		71AC7058200E986C00B6A06C /* PregnancyProject.app */ = {isa = PBXFileReference; explicitFileType = wrapper.application; includeInIndex = 0; path = PregnancyProject.app; sourceTree = BUILT_PRODUCTS_DIR; };
		71AC705B200E986C00B6A06C /* AppDelegate.swift */ = {isa = PBXFileReference; lastKnownFileType = sourcecode.swift; path = AppDelegate.swift; sourceTree = "<group>"; };
		71AC7060200E986C00B6A06C /* Base */ = {isa = PBXFileReference; lastKnownFileType = file.storyboard; name = Base; path = Base.lproj/Main.storyboard; sourceTree = "<group>"; };
		71AC7062200E986C00B6A06C /* Assets.xcassets */ = {isa = PBXFileReference; lastKnownFileType = folder.assetcatalog; path = Assets.xcassets; sourceTree = "<group>"; };
		71AC7065200E986C00B6A06C /* Base */ = {isa = PBXFileReference; lastKnownFileType = file.storyboard; name = Base; path = Base.lproj/LaunchScreen.storyboard; sourceTree = "<group>"; };
		71AC7067200E986C00B6A06C /* Info.plist */ = {isa = PBXFileReference; lastKnownFileType = text.plist.xml; path = Info.plist; sourceTree = "<group>"; };
		71AC706D200FE9D600B6A06C /* PregnancyProject.entitlements */ = {isa = PBXFileReference; lastKnownFileType = text.plist.entitlements; path = PregnancyProject.entitlements; sourceTree = "<group>"; };
		71AC706F200FE9DE00B6A06C /* CloudKit.framework */ = {isa = PBXFileReference; lastKnownFileType = wrapper.framework; name = CloudKit.framework; path = System/Library/Frameworks/CloudKit.framework; sourceTree = SDKROOT; };
		71AC707B2011D7DB00B6A06C /* Default-568h@2x.png */ = {isa = PBXFileReference; lastKnownFileType = image.png; path = "Default-568h@2x.png"; sourceTree = "<group>"; };
		71AC707D2011D85800B6A06C /* CloudKitManager.swift */ = {isa = PBXFileReference; lastKnownFileType = sourcecode.swift; path = CloudKitManager.swift; sourceTree = "<group>"; };
		71AC707F2011D97C00B6A06C /* User.swift */ = {isa = PBXFileReference; lastKnownFileType = sourcecode.swift; path = User.swift; sourceTree = "<group>"; };
		71AC70812011DA5000B6A06C /* Entry.swift */ = {isa = PBXFileReference; lastKnownFileType = sourcecode.swift; path = Entry.swift; sourceTree = "<group>"; };
		71AC70832011DA6600B6A06C /* Child.swift */ = {isa = PBXFileReference; lastKnownFileType = sourcecode.swift; path = Child.swift; sourceTree = "<group>"; };
/* End PBXFileReference section */

/* Begin PBXFrameworksBuildPhase section */
		71AC7055200E986C00B6A06C /* Frameworks */ = {
			isa = PBXFrameworksBuildPhase;
			buildActionMask = 2147483647;
			files = (
				71AC7070200FE9DE00B6A06C /* CloudKit.framework in Frameworks */,
			);
			runOnlyForDeploymentPostprocessing = 0;
		};
/* End PBXFrameworksBuildPhase section */

/* Begin PBXGroup section */
		71AC704F200E986C00B6A06C = {
			isa = PBXGroup;
			children = (
				71AC707B2011D7DB00B6A06C /* Default-568h@2x.png */,
				71AC705A200E986C00B6A06C /* PregnancyProject */,
				71AC7059200E986C00B6A06C /* Products */,
				71AC706E200FE9DE00B6A06C /* Frameworks */,
			);
			sourceTree = "<group>";
		};
		71AC7059200E986C00B6A06C /* Products */ = {
			isa = PBXGroup;
			children = (
				71AC7058200E986C00B6A06C /* PregnancyProject.app */,
			);
			name = Products;
			sourceTree = "<group>";
		};
		71AC705A200E986C00B6A06C /* PregnancyProject */ = {
			isa = PBXGroup;
			children = (
				71AC706D200FE9D600B6A06C /* PregnancyProject.entitlements */,
				71AC70792011079900B6A06C /* Helpers */,
				71AC70782011078D00B6A06C /* Models */,
				71AC70772011078700B6A06C /* ModelControllers */,
				71AC70762011076700B6A06C /* Views */,
				71AC70752011074300B6A06C /* ViewControllers */,
				71AC707A201107EF00B6A06C /* Storyboards */,
				71AC7072201106E300B6A06C /* Resources */,
				71AC7067200E986C00B6A06C /* Info.plist */,
			);
			path = PregnancyProject;
			sourceTree = "<group>";
		};
		71AC706E200FE9DE00B6A06C /* Frameworks */ = {
			isa = PBXGroup;
			children = (
				71AC706F200FE9DE00B6A06C /* CloudKit.framework */,
			);
			name = Frameworks;
			sourceTree = "<group>";
		};
		71AC7072201106E300B6A06C /* Resources */ = {
			isa = PBXGroup;
			children = (
				71AC705B200E986C00B6A06C /* AppDelegate.swift */,
				71AC7062200E986C00B6A06C /* Assets.xcassets */,
			);
			path = Resources;
			sourceTree = "<group>";
		};
		71AC70752011074300B6A06C /* ViewControllers */ = {
			isa = PBXGroup;
			children = (
			);
			path = ViewControllers;
			sourceTree = "<group>";
		};
		71AC70762011076700B6A06C /* Views */ = {
			isa = PBXGroup;
			children = (
			);
			path = Views;
			sourceTree = "<group>";
		};
		71AC70772011078700B6A06C /* ModelControllers */ = {
			isa = PBXGroup;
			children = (
			);
			path = ModelControllers;
			sourceTree = "<group>";
		};
		71AC70782011078D00B6A06C /* Models */ = {
			isa = PBXGroup;
			children = (
				71AC707F2011D97C00B6A06C /* User.swift */,
				71AC70812011DA5000B6A06C /* Entry.swift */,
				71AC70832011DA6600B6A06C /* Child.swift */,
			);
			path = Models;
			sourceTree = "<group>";
		};
		71AC70792011079900B6A06C /* Helpers */ = {
			isa = PBXGroup;
			children = (
				71AC707D2011D85800B6A06C /* CloudKitManager.swift */,
			);
			path = Helpers;
			sourceTree = "<group>";
		};
		71AC707A201107EF00B6A06C /* Storyboards */ = {
			isa = PBXGroup;
			children = (
				71AC705F200E986C00B6A06C /* Main.storyboard */,
				71AC7064200E986C00B6A06C /* LaunchScreen.storyboard */,
			);
			path = Storyboards;
			sourceTree = "<group>";
		};
/* End PBXGroup section */

/* Begin PBXNativeTarget section */
		71AC7057200E986C00B6A06C /* PregnancyProject */ = {
			isa = PBXNativeTarget;
			buildConfigurationList = 71AC706A200E986C00B6A06C /* Build configuration list for PBXNativeTarget "PregnancyProject" */;
			buildPhases = (
				71AC7054200E986C00B6A06C /* Sources */,
				71AC7055200E986C00B6A06C /* Frameworks */,
				71AC7056200E986C00B6A06C /* Resources */,
			);
			buildRules = (
			);
			dependencies = (
			);
			name = PregnancyProject;
			productName = PregnancyProject;
			productReference = 71AC7058200E986C00B6A06C /* PregnancyProject.app */;
			productType = "com.apple.product-type.application";
		};
/* End PBXNativeTarget section */

/* Begin PBXProject section */
		71AC7050200E986C00B6A06C /* Project object */ = {
			isa = PBXProject;
			attributes = {
				LastSwiftUpdateCheck = 0910;
				LastUpgradeCheck = 0910;
				ORGANIZATIONNAME = "Kaitlyn Barker";
				TargetAttributes = {
					71AC7057200E986C00B6A06C = {
						CreatedOnToolsVersion = 9.1;
						ProvisioningStyle = Automatic;
						SystemCapabilities = {
							com.apple.Push = {
								enabled = 1;
							};
							com.apple.iCloud = {
								enabled = 1;
							};
						};
					};
				};
			};
			buildConfigurationList = 71AC7053200E986C00B6A06C /* Build configuration list for PBXProject "PregnancyProject" */;
			compatibilityVersion = "Xcode 8.0";
			developmentRegion = en;
			hasScannedForEncodings = 0;
			knownRegions = (
				en,
				Base,
			);
			mainGroup = 71AC704F200E986C00B6A06C;
			productRefGroup = 71AC7059200E986C00B6A06C /* Products */;
			projectDirPath = "";
			projectRoot = "";
			targets = (
				71AC7057200E986C00B6A06C /* PregnancyProject */,
			);
		};
/* End PBXProject section */

/* Begin PBXResourcesBuildPhase section */
		71AC7056200E986C00B6A06C /* Resources */ = {
			isa = PBXResourcesBuildPhase;
			buildActionMask = 2147483647;
			files = (
				71AC7066200E986C00B6A06C /* LaunchScreen.storyboard in Resources */,
				71AC707C2011D7DB00B6A06C /* Default-568h@2x.png in Resources */,
				71AC7063200E986C00B6A06C /* Assets.xcassets in Resources */,
				71AC7061200E986C00B6A06C /* Main.storyboard in Resources */,
			);
			runOnlyForDeploymentPostprocessing = 0;
		};
/* End PBXResourcesBuildPhase section */

/* Begin PBXSourcesBuildPhase section */
		71AC7054200E986C00B6A06C /* Sources */ = {
			isa = PBXSourcesBuildPhase;
			buildActionMask = 2147483647;
			files = (
				71AC70822011DA5000B6A06C /* Entry.swift in Sources */,
				71AC707E2011D85800B6A06C /* CloudKitManager.swift in Sources */,
				71AC705C200E986C00B6A06C /* AppDelegate.swift in Sources */,
				71AC70842011DA6600B6A06C /* Child.swift in Sources */,
				71AC70802011D97C00B6A06C /* User.swift in Sources */,
			);
			runOnlyForDeploymentPostprocessing = 0;
		};
/* End PBXSourcesBuildPhase section */

/* Begin PBXVariantGroup section */
		71AC705F200E986C00B6A06C /* Main.storyboard */ = {
			isa = PBXVariantGroup;
			children = (
				71AC7060200E986C00B6A06C /* Base */,
			);
			name = Main.storyboard;
			sourceTree = "<group>";
		};
		71AC7064200E986C00B6A06C /* LaunchScreen.storyboard */ = {
			isa = PBXVariantGroup;
			children = (
				71AC7065200E986C00B6A06C /* Base */,
			);
			name = LaunchScreen.storyboard;
			sourceTree = "<group>";
		};
/* End PBXVariantGroup section */

/* Begin XCBuildConfiguration section */
		71AC7068200E986C00B6A06C /* Debug */ = {
			isa = XCBuildConfiguration;
			buildSettings = {
				ALWAYS_SEARCH_USER_PATHS = NO;
				CLANG_ANALYZER_NONNULL = YES;
				CLANG_ANALYZER_NUMBER_OBJECT_CONVERSION = YES_AGGRESSIVE;
				CLANG_CXX_LANGUAGE_STANDARD = "gnu++14";
				CLANG_CXX_LIBRARY = "libc++";
				CLANG_ENABLE_MODULES = YES;
				CLANG_ENABLE_OBJC_ARC = YES;
				CLANG_WARN_BLOCK_CAPTURE_AUTORELEASING = YES;
				CLANG_WARN_BOOL_CONVERSION = YES;
				CLANG_WARN_COMMA = YES;
				CLANG_WARN_CONSTANT_CONVERSION = YES;
				CLANG_WARN_DIRECT_OBJC_ISA_USAGE = YES_ERROR;
				CLANG_WARN_DOCUMENTATION_COMMENTS = YES;
				CLANG_WARN_EMPTY_BODY = YES;
				CLANG_WARN_ENUM_CONVERSION = YES;
				CLANG_WARN_INFINITE_RECURSION = YES;
				CLANG_WARN_INT_CONVERSION = YES;
				CLANG_WARN_NON_LITERAL_NULL_CONVERSION = YES;
				CLANG_WARN_OBJC_LITERAL_CONVERSION = YES;
				CLANG_WARN_OBJC_ROOT_CLASS = YES_ERROR;
				CLANG_WARN_RANGE_LOOP_ANALYSIS = YES;
				CLANG_WARN_STRICT_PROTOTYPES = YES;
				CLANG_WARN_SUSPICIOUS_MOVE = YES;
				CLANG_WARN_UNGUARDED_AVAILABILITY = YES_AGGRESSIVE;
				CLANG_WARN_UNREACHABLE_CODE = YES;
				CLANG_WARN__DUPLICATE_METHOD_MATCH = YES;
				CODE_SIGN_IDENTITY = "iPhone Developer";
				COPY_PHASE_STRIP = NO;
				DEBUG_INFORMATION_FORMAT = dwarf;
				ENABLE_STRICT_OBJC_MSGSEND = YES;
				ENABLE_TESTABILITY = YES;
				GCC_C_LANGUAGE_STANDARD = gnu11;
				GCC_DYNAMIC_NO_PIC = NO;
				GCC_NO_COMMON_BLOCKS = YES;
				GCC_OPTIMIZATION_LEVEL = 0;
				GCC_PREPROCESSOR_DEFINITIONS = (
					"DEBUG=1",
					"$(inherited)",
				);
				GCC_WARN_64_TO_32_BIT_CONVERSION = YES;
				GCC_WARN_ABOUT_RETURN_TYPE = YES_ERROR;
				GCC_WARN_UNDECLARED_SELECTOR = YES;
				GCC_WARN_UNINITIALIZED_AUTOS = YES_AGGRESSIVE;
				GCC_WARN_UNUSED_FUNCTION = YES;
				GCC_WARN_UNUSED_VARIABLE = YES;
				IPHONEOS_DEPLOYMENT_TARGET = 11.1;
				MTL_ENABLE_DEBUG_INFO = YES;
				ONLY_ACTIVE_ARCH = YES;
				SDKROOT = iphoneos;
				SWIFT_ACTIVE_COMPILATION_CONDITIONS = DEBUG;
				SWIFT_OPTIMIZATION_LEVEL = "-Onone";
			};
			name = Debug;
		};
		71AC7069200E986C00B6A06C /* Release */ = {
			isa = XCBuildConfiguration;
			buildSettings = {
				ALWAYS_SEARCH_USER_PATHS = NO;
				CLANG_ANALYZER_NONNULL = YES;
				CLANG_ANALYZER_NUMBER_OBJECT_CONVERSION = YES_AGGRESSIVE;
				CLANG_CXX_LANGUAGE_STANDARD = "gnu++14";
				CLANG_CXX_LIBRARY = "libc++";
				CLANG_ENABLE_MODULES = YES;
				CLANG_ENABLE_OBJC_ARC = YES;
				CLANG_WARN_BLOCK_CAPTURE_AUTORELEASING = YES;
				CLANG_WARN_BOOL_CONVERSION = YES;
				CLANG_WARN_COMMA = YES;
				CLANG_WARN_CONSTANT_CONVERSION = YES;
				CLANG_WARN_DIRECT_OBJC_ISA_USAGE = YES_ERROR;
				CLANG_WARN_DOCUMENTATION_COMMENTS = YES;
				CLANG_WARN_EMPTY_BODY = YES;
				CLANG_WARN_ENUM_CONVERSION = YES;
				CLANG_WARN_INFINITE_RECURSION = YES;
				CLANG_WARN_INT_CONVERSION = YES;
				CLANG_WARN_NON_LITERAL_NULL_CONVERSION = YES;
				CLANG_WARN_OBJC_LITERAL_CONVERSION = YES;
				CLANG_WARN_OBJC_ROOT_CLASS = YES_ERROR;
				CLANG_WARN_RANGE_LOOP_ANALYSIS = YES;
				CLANG_WARN_STRICT_PROTOTYPES = YES;
				CLANG_WARN_SUSPICIOUS_MOVE = YES;
				CLANG_WARN_UNGUARDED_AVAILABILITY = YES_AGGRESSIVE;
				CLANG_WARN_UNREACHABLE_CODE = YES;
				CLANG_WARN__DUPLICATE_METHOD_MATCH = YES;
				CODE_SIGN_IDENTITY = "iPhone Developer";
				COPY_PHASE_STRIP = NO;
				DEBUG_INFORMATION_FORMAT = "dwarf-with-dsym";
				ENABLE_NS_ASSERTIONS = NO;
				ENABLE_STRICT_OBJC_MSGSEND = YES;
				GCC_C_LANGUAGE_STANDARD = gnu11;
				GCC_NO_COMMON_BLOCKS = YES;
				GCC_WARN_64_TO_32_BIT_CONVERSION = YES;
				GCC_WARN_ABOUT_RETURN_TYPE = YES_ERROR;
				GCC_WARN_UNDECLARED_SELECTOR = YES;
				GCC_WARN_UNINITIALIZED_AUTOS = YES_AGGRESSIVE;
				GCC_WARN_UNUSED_FUNCTION = YES;
				GCC_WARN_UNUSED_VARIABLE = YES;
				IPHONEOS_DEPLOYMENT_TARGET = 11.1;
				MTL_ENABLE_DEBUG_INFO = NO;
				SDKROOT = iphoneos;
				SWIFT_OPTIMIZATION_LEVEL = "-Owholemodule";
				VALIDATE_PRODUCT = YES;
			};
			name = Release;
		};
		71AC706B200E986C00B6A06C /* Debug */ = {
			isa = XCBuildConfiguration;
			buildSettings = {
				ASSETCATALOG_COMPILER_APPICON_NAME = AppIcon;
				CODE_SIGN_ENTITLEMENTS = PregnancyProject/PregnancyProject.entitlements;
				CODE_SIGN_STYLE = Automatic;
				DEVELOPMENT_TEAM = RNFZPCD4YL;
				INFOPLIST_FILE = PregnancyProject/Info.plist;
				LD_RUNPATH_SEARCH_PATHS = "$(inherited) @executable_path/Frameworks";
				PRODUCT_BUNDLE_IDENTIFIER = com.kaitlynbarker.PregnancyProject;
				PRODUCT_NAME = "$(TARGET_NAME)";
				SWIFT_VERSION = 4.0;
				TARGETED_DEVICE_FAMILY = "1,2";
			};
			name = Debug;
		};
		71AC706C200E986C00B6A06C /* Release */ = {
			isa = XCBuildConfiguration;
			buildSettings = {
				ASSETCATALOG_COMPILER_APPICON_NAME = AppIcon;
				CODE_SIGN_ENTITLEMENTS = PregnancyProject/PregnancyProject.entitlements;
				CODE_SIGN_STYLE = Automatic;
				DEVELOPMENT_TEAM = RNFZPCD4YL;
				INFOPLIST_FILE = PregnancyProject/Info.plist;
				LD_RUNPATH_SEARCH_PATHS = "$(inherited) @executable_path/Frameworks";
				PRODUCT_BUNDLE_IDENTIFIER = com.kaitlynbarker.PregnancyProject;
				PRODUCT_NAME = "$(TARGET_NAME)";
				SWIFT_VERSION = 4.0;
				TARGETED_DEVICE_FAMILY = "1,2";
			};
			name = Release;
		};
/* End XCBuildConfiguration section */

/* Begin XCConfigurationList section */
		71AC7053200E986C00B6A06C /* Build configuration list for PBXProject "PregnancyProject" */ = {
			isa = XCConfigurationList;
			buildConfigurations = (
				71AC7068200E986C00B6A06C /* Debug */,
				71AC7069200E986C00B6A06C /* Release */,
			);
			defaultConfigurationIsVisible = 0;
			defaultConfigurationName = Release;
		};
		71AC706A200E986C00B6A06C /* Build configuration list for PBXNativeTarget "PregnancyProject" */ = {
			isa = XCConfigurationList;
			buildConfigurations = (
				71AC706B200E986C00B6A06C /* Debug */,
				71AC706C200E986C00B6A06C /* Release */,
			);
			defaultConfigurationIsVisible = 0;
			defaultConfigurationName = Release;
		};
/* End XCConfigurationList section */
	};
	rootObject = 71AC7050200E986C00B6A06C /* Project object */;
}
